Microsoft Visual Studio Solution File, Format Version 7.00
Project("{FAE04EC0-301F-11D3-BF4B-00C04F79EFBC}") = "Spider", "Spider.csproj", "{D3F24EFD-E34B-4A04-A421-D207662C2F11}"
EndProject
Global
	GlobalSection(SolutionConfiguration) = preSolution
		ConfigName.0 = Debug
		ConfigName.1 = Release
	EndGlobalSection
	GlobalSection(ProjectDependencies) = postSolution
	EndGlobalSection
	GlobalSection(ProjectConfiguration) = postSolution
		{D3F24EFD-E34B-4A04-A421-D207662C2F11}.Debug.ActiveCfg = Debug|.NET
		{D3F24EFD-E34B-4A04-A421-D207662C2F11}.Debug.Build.0 = Debug|.NET
		{D3F24EFD-E34B-4A04-A421-D207662C2F11}.Release.ActiveCfg = Release|.NET
		{D3F24EFD-E34B-4A04-A421-D207662C2F11}.Release.Build.0 = Release|.NET
	EndGlobalSection
	GlobalSection(ExtensibilityGlobals) = postSolution
	EndGlobalSection
	GlobalSection(ExtensibilityAddIns) = postSolution
	EndGlobalSection
EndGlobal
